
Microsoft Visual Studio Solution File, Format Version 12.00
# Visual Studio 15
VisualStudioVersion = 15.0.28307.329
MinimumVisualStudioVersion = 10.0.40219.1
Project("{FAE04EC0-301F-11D3-BF4B-00C04F79EFBC}") = "containertest", "containertest\containertest.csproj", "{8A552227-537D-496C-B10B-465820557C07}"
EndProject
Project("{E53339B2-1760-4266-BCC7-CA923CBCF16C}") = "docker-compose", "docker-compose.dcproj", "{32265893-5C49-4AEE-BC46-F8270A450A69}"
EndProject
Global
	GlobalSection(SolutionConfigurationPlatforms) = preSolution
		Debug|Any CPU = Debug|Any CPU
		Release|Any CPU = Release|Any CPU
	EndGlobalSection
	GlobalSection(ProjectConfigurationPlatforms) = postSolution
		{8A552227-537D-496C-B10B-465820557C07}.Debug|Any CPU.ActiveCfg = Debug|Any CPU
		{8A552227-537D-496C-B10B-465820557C07}.Debug|Any CPU.Build.0 = Debug|Any CPU
		{8A552227-537D-496C-B10B-465820557C07}.Release|Any CPU.ActiveCfg = Release|Any CPU
		{8A552227-537D-496C-B10B-465820557C07}.Release|Any CPU.Build.0 = Release|Any CPU
		{32265893-5C49-4AEE-BC46-F8270A450A69}.Debug|Any CPU.ActiveCfg = Debug|Any CPU
		{32265893-5C49-4AEE-BC46-F8270A450A69}.Debug|Any CPU.Build.0 = Debug|Any CPU
		{32265893-5C49-4AEE-BC46-F8270A450A69}.Release|Any CPU.ActiveCfg = Release|Any CPU
		{32265893-5C49-4AEE-BC46-F8270A450A69}.Release|Any CPU.Build.0 = Release|Any CPU
	EndGlobalSection
	GlobalSection(SolutionProperties) = preSolution
		HideSolutionNode = FALSE
	EndGlobalSection
	GlobalSection(ExtensibilityGlobals) = postSolution
		SolutionGuid = {482B136A-F45D-45DF-8FDB-B1EB51EC62D5}
	EndGlobalSection
EndGlobal
